{
    "_readme": [
        "This file locks the dependencies of your project to a known state",
        "Read more about it at http://getcomposer.org/doc/01-basic-usage.md#composer-lock-the-lock-file",
        "This file is @generated automatically"
    ],
    "hash": "d3058b07cb33ac49b441903fe7636e53",
    "packages": [
        {
            "name": "pimple/pimple",
            "version": "v3.0.0",
            "source": {
                "type": "git",
                "url": "https://github.com/fabpot/Pimple.git",
                "reference": "876bf0899d01feacd2a2e83f04641e51350099ef"
            },
            "dist": {
                "type": "zip",
                "url": "https://api.github.com/repos/fabpot/Pimple/zipball/876bf0899d01feacd2a2e83f04641e51350099ef",
                "reference": "876bf0899d01feacd2a2e83f04641e51350099ef",
                "shasum": ""
            },
            "require": {
                "php": ">=5.3.0"
            },
            "type": "library",
            "extra": {
                "branch-alias": {
                    "dev-master": "3.0.x-dev"
                }
            },
            "autoload": {
                "psr-0": {
                    "Pimple": "src/"
                }
            },
            "notification-url": "https://packagist.org/downloads/",
            "license": [
                "MIT"
            ],
            "authors": [
                {
                    "name": "Fabien Potencier",
                    "email": "fabien@symfony.com"
                }
            ],
            "description": "Pimple is a simple Dependency Injection Container for PHP 5.3",
            "homepage": "http://pimple.sensiolabs.org",
            "keywords": [
                "container",
                "dependency injection"
            ],
            "time": "2014-07-24 09:48:15"
        },
        {
            "name": "symfony/console",
            "version": "dev-master",
            "target-dir": "Symfony/Component/Console",
            "source": {
                "type": "git",
                "url": "https://github.com/symfony/Console.git",
                "reference": "50f77fb648d248bb921321e6fcb43e0a1a9376cc"
            },
            "dist": {
                "type": "zip",
                "url": "https://api.github.com/repos/symfony/Console/zipball/50f77fb648d248bb921321e6fcb43e0a1a9376cc",
                "reference": "50f77fb648d248bb921321e6fcb43e0a1a9376cc",
                "shasum": ""
            },
            "require": {
                "php": ">=5.3.3"
            },
            "require-dev": {
                "psr/log": "~1.0",
                "symfony/event-dispatcher": "~2.1",
                "symfony/process": "~2.1"
            },
            "suggest": {
                "psr/log": "For using the console logger",
                "symfony/event-dispatcher": "",
                "symfony/process": ""
            },
            "type": "library",
            "extra": {
                "branch-alias": {
                    "dev-master": "2.6-dev"
                }
            },
            "autoload": {
                "psr-0": {
                    "Symfony\\Component\\Console\\": ""
                }
            },
            "notification-url": "https://packagist.org/downloads/",
            "license": [
                "MIT"
            ],
            "authors": [
                {
                    "name": "Symfony Community",
                    "homepage": "http://symfony.com/contributors"
                },
                {
                    "name": "Fabien Potencier",
                    "email": "fabien@symfony.com"
                }
            ],
            "description": "Symfony Console Component",
            "homepage": "http://symfony.com",
            "time": "2014-08-05 09:07:51"
        },
        {
            "name": "symfony/filesystem",
            "version": "dev-master",
            "target-dir": "Symfony/Component/Filesystem",
            "source": {
                "type": "git",
                "url": "https://github.com/symfony/Filesystem.git",
                "reference": "0eb05b75932460ef615b926caac9f6086cc022f5"
            },
            "dist": {
                "type": "zip",
                "url": "https://api.github.com/repos/symfony/Filesystem/zipball/0eb05b75932460ef615b926caac9f6086cc022f5",
                "reference": "0eb05b75932460ef615b926caac9f6086cc022f5",
                "shasum": ""
            },
            "require": {
                "php": ">=5.3.3"
            },
            "type": "library",
            "extra": {
                "branch-alias": {
                    "dev-master": "2.6-dev"
                }
            },
            "autoload": {
                "psr-0": {
                    "Symfony\\Component\\Filesystem\\": ""
                }
            },
            "notification-url": "https://packagist.org/downloads/",
            "license": [
                "MIT"
            ],
            "authors": [
                {
                    "name": "Fabien Potencier",
                    "email": "fabien@symfony.com",
                    "homepage": "http://fabien.potencier.org",
                    "role": "Lead Developer"
                },
                {
                    "name": "Symfony Community",
                    "homepage": "http://symfony.com/contributors"
                }
            ],
            "description": "Symfony Filesystem Component",
            "homepage": "http://symfony.com",
            "time": "2014-07-09 14:44:54"
        },
        {
            "name": "symfony/finder",
            "version": "dev-master",
            "target-dir": "Symfony/Component/Finder",
            "source": {
                "type": "git",
                "url": "https://github.com/symfony/Finder.git",
                "reference": "3329a4cb19075326ef2cc2abe848aa21b84905cf"
            },
            "dist": {
                "type": "zip",
                "url": "https://api.github.com/repos/symfony/Finder/zipball/3329a4cb19075326ef2cc2abe848aa21b84905cf",
                "reference": "3329a4cb19075326ef2cc2abe848aa21b84905cf",
                "shasum": ""
            },
            "require": {
                "php": ">=5.3.3"
            },
            "type": "library",
            "extra": {
                "branch-alias": {
                    "dev-master": "2.6-dev"
                }
            },
            "autoload": {
                "psr-0": {
                    "Symfony\\Component\\Finder\\": ""
                }
            },
            "notification-url": "https://packagist.org/downloads/",
            "license": [
                "MIT"
            ],
            "authors": [
                {
                    "name": "Symfony Community",
                    "homepage": "http://symfony.com/contributors"
                },
                {
                    "name": "Fabien Potencier",
                    "email": "fabien@symfony.com"
                }
            ],
            "description": "Symfony Finder Component",
            "homepage": "http://symfony.com",
            "time": "2014-07-28 13:20:53"
        },
        {
            "name": "zendframework/zend-code",
            "version": "dev-develop",
            "target-dir": "Zend/Code",
            "source": {
                "type": "git",
                "url": "https://github.com/zendframework/Component_ZendCode.git",
                "reference": "c9cc60fa85c22a9acaba6925765eb48d0dfb8c28"
            },
            "dist": {
                "type": "zip",
                "url": "https://api.github.com/repos/zendframework/Component_ZendCode/zipball/c9cc60fa85c22a9acaba6925765eb48d0dfb8c28",
                "reference": "c9cc60fa85c22a9acaba6925765eb48d0dfb8c28",
                "shasum": ""
            },
            "require": {
                "php": ">=5.3.23",
                "zendframework/zend-eventmanager": "self.version"
            },
            "require-dev": {
                "doctrine/common": ">=2.1",
                "zendframework/zend-stdlib": "self.version"
            },
            "suggest": {
                "doctrine/common": "Doctrine\\Common >=2.1 for annotation features",
                "zendframework/zend-stdlib": "Zend\\Stdlib component"
            },
            "type": "library",
            "extra": {
                "branch-alias": {
                    "dev-master": "2.2-dev",
                    "dev-develop": "2.3-dev"
                }
            },
            "autoload": {
                "psr-0": {
                    "Zend\\Code\\": ""
                }
            },
            "notification-url": "https://packagist.org/downloads/",
            "license": [
                "BSD-3-Clause"
            ],
            "description": "provides facilities to generate arbitrary code using an object oriented interface",
            "keywords": [
                "code",
                "zf2"
            ],
            "time": "2014-03-05 16:00:14"
        },
        {
            "name": "zendframework/zend-db",
            "version": "dev-develop",
            "target-dir": "Zend/Db",
            "source": {
                "type": "git",
                "url": "https://github.com/zendframework/Component_ZendDb.git",
                "reference": "c120208db31559b2cea3ea07eef2cceb2469bda5"
            },
            "dist": {
                "type": "zip",
                "url": "https://api.github.com/repos/zendframework/Component_ZendDb/zipball/c120208db31559b2cea3ea07eef2cceb2469bda5",
                "reference": "c120208db31559b2cea3ea07eef2cceb2469bda5",
                "shasum": ""
            },
            "require": {
                "php": ">=5.3.23"
            },
            "require-dev": {
                "zendframework/zend-eventmanager": "self.version",
                "zendframework/zend-servicemanager": "self.version",
                "zendframework/zend-stdlib": "self.version"
            },
            "suggest": {
                "zendframework/zend-eventmanager": "Zend\\EventManager component",
                "zendframework/zend-servicemanager": "Zend\\ServiceManager component",
                "zendframework/zend-stdlib": "Zend\\Stdlib component"
            },
            "type": "library",
            "extra": {
                "branch-alias": {
                    "dev-master": "2.2-dev",
                    "dev-develop": "2.3-dev"
                }
            },
            "autoload": {
                "psr-0": {
                    "Zend\\Db\\": ""
                }
            },
            "notification-url": "https://packagist.org/downloads/",
            "license": [
                "BSD-3-Clause"
            ],
            "keywords": [
                "db",
                "zf2"
            ],
            "time": "2014-03-11 18:00:08"
        },
        {
            "name": "zendframework/zend-eventmanager",
            "version": "dev-develop",
            "target-dir": "Zend/EventManager",
            "source": {
                "type": "git",
                "url": "https://github.com/zendframework/Component_ZendEventManager.git",
                "reference": "e232aeeab9ae6545ac21c8fc2728d54297969658"
            },
            "dist": {
                "type": "zip",
                "url": "https://api.github.com/repos/zendframework/Component_ZendEventManager/zipball/e232aeeab9ae6545ac21c8fc2728d54297969658",
                "reference": "e232aeeab9ae6545ac21c8fc2728d54297969658",
                "shasum": ""
            },
            "require": {
                "php": ">=5.3.3",
                "zendframework/zend-stdlib": "self.version"
            },
            "type": "library",
            "extra": {
                "branch-alias": {
                    "dev-master": "2.2-dev",
                    "dev-develop": "2.3-dev"
                }
            },
            "autoload": {
                "psr-0": {
                    "Zend\\EventManager\\": ""
                }
            },
            "notification-url": "https://packagist.org/downloads/",
            "license": [
                "BSD-3-Clause"
            ],
            "keywords": [
                "eventmanager",
                "zf2"
            ],
            "time": "2014-01-04 13:01:02"
        },
        {
            "name": "zendframework/zend-filter",
            "version": "dev-develop",
            "target-dir": "Zend/Filter",
            "source": {
                "type": "git",
                "url": "https://github.com/zendframework/Component_ZendFilter.git",
                "reference": "c878eb757c53057a9cd2c7af391eec69ab4bca61"
            },
            "dist": {
                "type": "zip",
                "url": "https://api.github.com/repos/zendframework/Component_ZendFilter/zipball/c878eb757c53057a9cd2c7af391eec69ab4bca61",
                "reference": "c878eb757c53057a9cd2c7af391eec69ab4bca61",
                "shasum": ""
            },
            "require": {
                "php": ">=5.3.3",
                "zendframework/zend-stdlib": "self.version"
            },
            "require-dev": {
                "zendframework/zend-crypt": "self.version"
            },
            "suggest": {
                "zendframework/zend-crypt": "Zend\\Crypt component",
                "zendframework/zend-i18n": "Zend\\I18n component",
                "zendframework/zend-uri": "Zend\\Uri component for UriNormalize filter",
                "zendframework/zend-validator": "Zend\\Validator component"
            },
            "type": "library",
            "extra": {
                "branch-alias": {
                    "dev-master": "2.2-dev",
                    "dev-develop": "2.3-dev"
                }
            },
            "autoload": {
                "psr-0": {
                    "Zend\\Filter\\": ""
                }
            },
            "notification-url": "https://packagist.org/downloads/",
            "license": [
                "BSD-3-Clause"
            ],
            "description": "provides a set of commonly needed data filters",
            "keywords": [
                "filter",
                "zf2"
            ],
            "time": "2014-03-03 21:00:13"
        },
        {
            "name": "zendframework/zend-inputfilter",
            "version": "dev-develop",
            "target-dir": "Zend/InputFilter",
            "source": {
                "type": "git",
                "url": "https://github.com/zendframework/Component_ZendInputFilter.git",
                "reference": "146ea760064c99228e6a20e51e20249a299d53c2"
            },
            "dist": {
                "type": "zip",
                "url": "https://api.github.com/repos/zendframework/Component_ZendInputFilter/zipball/146ea760064c99228e6a20e51e20249a299d53c2",
                "reference": "146ea760064c99228e6a20e51e20249a299d53c2",
                "shasum": ""
            },
            "require": {
                "php": ">=5.3.3",
                "zendframework/zend-filter": "self.version",
                "zendframework/zend-stdlib": "self.version",
                "zendframework/zend-validator": "self.version"
            },
            "require-dev": {
                "zendframework/zend-servicemanager": "self.version"
            },
            "suggest": {
                "zendframework/zend-servicemanager": "To support plugin manager support"
            },
            "type": "library",
            "extra": {
                "branch-alias": {
                    "dev-master": "2.2-dev",
                    "dev-develop": "2.3-dev"
                }
            },
            "autoload": {
                "psr-0": {
                    "Zend\\InputFilter\\": ""
                }
            },
            "notification-url": "https://packagist.org/downloads/",
            "license": [
                "BSD-3-Clause"
            ],
            "keywords": [
                "inputfilter",
                "zf2"
            ],
            "time": "2014-03-04 15:00:29"
        },
        {
            "name": "zendframework/zend-stdlib",
            "version": "dev-develop",
            "target-dir": "Zend/Stdlib",
            "source": {
                "type": "git",
                "url": "https://github.com/zendframework/Component_ZendStdlib.git",
                "reference": "3acce3d524c5c5b7e92c90b0c2763068c1efaf2c"
            },
            "dist": {
                "type": "zip",
                "url": "https://api.github.com/repos/zendframework/Component_ZendStdlib/zipball/3acce3d524c5c5b7e92c90b0c2763068c1efaf2c",
                "reference": "3acce3d524c5c5b7e92c90b0c2763068c1efaf2c",
                "shasum": ""
            },
            "require": {
                "php": ">=5.3.23"
            },
            "require-dev": {
                "zendframework/zend-eventmanager": "self.version",
                "zendframework/zend-serializer": "self.version",
                "zendframework/zend-servicemanager": "self.version"
            },
            "suggest": {
                "zendframework/zend-eventmanager": "To support aggregate hydrator usage",
                "zendframework/zend-serializer": "Zend\\Serializer component",
                "zendframework/zend-servicemanager": "To support hydrator plugin manager usage"
            },
            "type": "library",
            "extra": {
                "branch-alias": {
                    "dev-master": "2.2-dev",
                    "dev-develop": "2.3-dev"
                }
            },
            "autoload": {
                "psr-0": {
                    "Zend\\Stdlib\\": ""
                }
            },
            "notification-url": "https://packagist.org/downloads/",
            "license": [
                "BSD-3-Clause"
            ],
            "keywords": [
                "stdlib",
                "zf2"
            ],
            "time": "2014-03-13 16:12:22"
        },
        {
            "name": "zendframework/zend-validator",
            "version": "dev-develop",
            "target-dir": "Zend/Validator",
            "source": {
                "type": "git",
                "url": "https://github.com/zendframework/Component_ZendValidator.git",
                "reference": "35634f8e82c0f64844bf71026502162d535f99c6"
            },
            "dist": {
                "type": "zip",
                "url": "https://api.github.com/repos/zendframework/Component_ZendValidator/zipball/35634f8e82c0f64844bf71026502162d535f99c6",
                "reference": "35634f8e82c0f64844bf71026502162d535f99c6",
                "shasum": ""
            },
            "require": {
                "php": ">=5.3.23",
                "zendframework/zend-stdlib": "self.version"
            },
            "require-dev": {
                "zendframework/zend-db": "self.version",
                "zendframework/zend-filter": "self.version",
                "zendframework/zend-i18n": "self.version",
                "zendframework/zend-math": "self.version",
                "zendframework/zend-servicemanager": "self.version",
                "zendframework/zend-session": "self.version",
                "zendframework/zend-uri": "self.version"
            },
            "suggest": {
                "zendframework/zend-db": "Zend\\Db component",
                "zendframework/zend-filter": "Zend\\Filter component, required by the Digits validator",
                "zendframework/zend-i18n": "Zend\\I18n component to allow translation of validation error messages as well as to use the various Date validators",
                "zendframework/zend-math": "Zend\\Math component",
                "zendframework/zend-resources": "Translations of validator messages",
                "zendframework/zend-servicemanager": "Zend\\ServiceManager component to allow using the ValidatorPluginManager and validator chains",
                "zendframework/zend-session": "Zend\\Session component",
                "zendframework/zend-uri": "Zend\\Uri component, required by the Uri and Sitemap\\Loc validators"
            },
            "type": "library",
            "extra": {
                "branch-alias": {
                    "dev-master": "2.2-dev",
                    "dev-develop": "2.3-dev"
                }
            },
            "autoload": {
                "psr-0": {
                    "Zend\\Validator\\": ""
                }
            },
            "notification-url": "https://packagist.org/downloads/",
            "license": [
                "BSD-3-Clause"
            ],
            "description": "provides a set of commonly needed validators",
            "keywords": [
                "validator",
                "zf2"
            ],
            "time": "2014-03-04 21:00:07"
        },
        {
            "name": "zf1/zend-cache",
            "version": "1.12.6",
            "source": {
                "type": "git",
                "url": "https://github.com/zf1/zend-cache.git",
                "reference": "466c3e48b559f3b3c6475170e84ad93bb79dad74"
            },
            "dist": {
                "type": "zip",
                "url": "https://api.github.com/repos/zf1/zend-cache/zipball/466c3e48b559f3b3c6475170e84ad93bb79dad74",
                "reference": "466c3e48b559f3b3c6475170e84ad93bb79dad74",
                "shasum": ""
            },
            "require": {
                "php": ">=5.2.11",
                "zf1/zend-exception": "self.version"
            },
            "suggest": {
                "zf1/zend-log": "Used in special situations or with special adapters"
            },
            "type": "library",
            "autoload": {
                "psr-0": {
                    "Zend_Cache": "library/"
                }
            },
            "notification-url": "https://packagist.org/downloads/",
            "license": [
                "BSD-3-Clause"
            ],
            "description": "Zend Framework 1 Cache package",
            "homepage": "http://framework.zend.com/",
            "keywords": [
                "ZF1",
                "cache",
                "framework",
                "zend"
            ],
            "time": "2014-05-21 16:06:11"
        },
        {
            "name": "zf1/zend-date",
            "version": "1.12.6",
            "source": {
                "type": "git",
                "url": "https://github.com/zf1/zend-date.git",
                "reference": "5fb1769de16f224b36a3405a66c9eb9de5fe5925"
            },
            "dist": {
                "type": "zip",
                "url": "https://api.github.com/repos/zf1/zend-date/zipball/5fb1769de16f224b36a3405a66c9eb9de5fe5925",
                "reference": "5fb1769de16f224b36a3405a66c9eb9de5fe5925",
                "shasum": ""
            },
            "require": {
                "php": ">=5.2.11",
                "zf1/zend-exception": "self.version",
                "zf1/zend-locale": "self.version"
            },
            "type": "library",
            "autoload": {
                "psr-0": {
                    "Zend_Date": "library/"
                }
            },
            "notification-url": "https://packagist.org/downloads/",
            "license": [
                "BSD-3-Clause"
            ],
            "description": "Zend Framework 1 Date package",
            "homepage": "http://framework.zend.com/",
            "keywords": [
                "ZF1",
                "date",
                "framework",
                "zend"
            ],
            "time": "2014-05-21 16:06:11"
        },
        {
            "name": "zf1/zend-db",
            "version": "1.12.6",
            "source": {
                "type": "git",
                "url": "https://github.com/zf1/zend-db.git",
                "reference": "93e45ef0ef6c3f7b9d462f665bdb4943f737eaa0"
            },
            "dist": {
                "type": "zip",
                "url": "https://api.github.com/repos/zf1/zend-db/zipball/93e45ef0ef6c3f7b9d462f665bdb4943f737eaa0",
                "reference": "93e45ef0ef6c3f7b9d462f665bdb4943f737eaa0",
                "shasum": ""
            },
            "require": {
                "php": ">=5.2.11",
                "zf1/zend-exception": "self.version",
                "zf1/zend-loader": "self.version"
            },
            "suggest": {
                "zf1/zend-registry": "Used in special situations or with special adapters",
                "zf1/zend-wildfire": "Used in special situations or with special adapters"
            },
            "type": "library",
            "autoload": {
                "psr-0": {
                    "Zend_Db": "library/"
                }
            },
            "notification-url": "https://packagist.org/downloads/",
            "license": [
                "BSD-3-Clause"
            ],
            "description": "Zend Framework 1 Db package",
            "homepage": "http://framework.zend.com/",
            "keywords": [
                "ZF1",
                "db",
                "framework",
                "zend"
            ],
            "time": "2014-05-21 16:06:12"
        },
        {
            "name": "zf1/zend-exception",
            "version": "1.12.6",
            "source": {
                "type": "git",
                "url": "https://github.com/zf1/zend-exception.git",
                "reference": "ee61f139d1ad7070c1ff4d0f4bd7ccd441172f11"
            },
            "dist": {
                "type": "zip",
                "url": "https://api.github.com/repos/zf1/zend-exception/zipball/ee61f139d1ad7070c1ff4d0f4bd7ccd441172f11",
                "reference": "ee61f139d1ad7070c1ff4d0f4bd7ccd441172f11",
                "shasum": ""
            },
            "require": {
                "php": ">=5.2.11"
            },
            "type": "library",
            "autoload": {
                "psr-0": {
                    "Zend_Exception": "library/"
                }
            },
            "notification-url": "https://packagist.org/downloads/",
            "license": [
                "BSD-3-Clause"
            ],
            "description": "Zend Framework 1 Exception package",
            "homepage": "http://framework.zend.com/",
            "keywords": [
                "ZF1",
                "exception",
                "framework",
                "zend"
            ],
            "time": "2014-05-21 15:17:51"
        },
        {
            "name": "zf1/zend-loader",
            "version": "1.12.6",
            "source": {
                "type": "git",
                "url": "https://github.com/zf1/zend-loader.git",
                "reference": "433adcc69b7c6517495d137f7733983bb2399301"
            },
            "dist": {
                "type": "zip",
                "url": "https://api.github.com/repos/zf1/zend-loader/zipball/433adcc69b7c6517495d137f7733983bb2399301",
                "reference": "433adcc69b7c6517495d137f7733983bb2399301",
                "shasum": ""
            },
            "require": {
                "php": ">=5.2.11",
                "zf1/zend-exception": "self.version"
            },
            "type": "library",
            "autoload": {
                "psr-0": {
                    "Zend_Loader": "library/"
                }
            },
            "notification-url": "https://packagist.org/downloads/",
            "license": [
                "BSD-3-Clause"
            ],
            "description": "Zend Framework 1 Loader package",
            "homepage": "http://framework.zend.com/",
            "keywords": [
                "ZF1",
                "framework",
                "loader",
                "zend"
            ],
            "time": "2014-05-21 16:06:11"
        },
        {
            "name": "zf1/zend-locale",
            "version": "1.12.6",
            "source": {
                "type": "git",
                "url": "https://github.com/zf1/zend-locale.git",
                "reference": "e09d6768b56136bb724b130274bcd5fd8a902176"
            },
            "dist": {
                "type": "zip",
                "url": "https://api.github.com/repos/zf1/zend-locale/zipball/e09d6768b56136bb724b130274bcd5fd8a902176",
                "reference": "e09d6768b56136bb724b130274bcd5fd8a902176",
                "shasum": ""
            },
            "require": {
                "php": ">=5.2.11",
                "zf1/zend-cache": "self.version",
                "zf1/zend-exception": "self.version",
                "zf1/zend-xml": "self.version"
            },
            "suggest": {
                "zf1/zend-registry": "Used in special situations or with special adapters"
            },
            "type": "library",
            "autoload": {
                "psr-0": {
                    "Zend_Locale": "library/"
                }
            },
            "notification-url": "https://packagist.org/downloads/",
            "license": [
                "BSD-3-Clause"
            ],
            "description": "Zend Framework 1 Locale package",
            "homepage": "http://framework.zend.com/",
            "keywords": [
                "ZF1",
                "framework",
                "locale",
                "zend"
            ],
            "time": "2014-05-21 16:06:13"
        },
        {
            "name": "zf1/zend-registry",
            "version": "1.12.6",
            "source": {
                "type": "git",
                "url": "https://github.com/zf1/zend-registry.git",
                "reference": "aafc0b8a46d54623e43dd1bb139959b86b15d9da"
            },
            "dist": {
                "type": "zip",
                "url": "https://api.github.com/repos/zf1/zend-registry/zipball/aafc0b8a46d54623e43dd1bb139959b86b15d9da",
                "reference": "aafc0b8a46d54623e43dd1bb139959b86b15d9da",
                "shasum": ""
            },
            "require": {
                "php": ">=5.2.11",
                "zf1/zend-exception": "self.version"
            },
            "suggest": {
                "zf1/zend-loader": "Used in special situations or with special adapters"
            },
            "type": "library",
            "autoload": {
                "psr-0": {
                    "Zend_Registry": "library/"
                }
            },
            "notification-url": "https://packagist.org/downloads/",
            "license": [
                "BSD-3-Clause"
            ],
            "description": "Zend Framework 1 Registry package",
            "homepage": "http://framework.zend.com/",
            "keywords": [
                "ZF1",
                "framework",
                "registry",
                "zend"
            ],
            "time": "2014-05-21 15:18:00"
        },
        {
            "name": "zf1/zend-xml",
            "version": "1.12.6",
            "source": {
                "type": "git",
                "url": "https://github.com/zf1/zend-xml.git",
                "reference": "f24c8b2e53c9bd67177d77c3e976f01fe806a079"
            },
            "dist": {
                "type": "zip",
                "url": "https://api.github.com/repos/zf1/zend-xml/zipball/f24c8b2e53c9bd67177d77c3e976f01fe806a079",
                "reference": "f24c8b2e53c9bd67177d77c3e976f01fe806a079",
                "shasum": ""
            },
            "require": {
                "php": ">=5.2.11",
                "zf1/zend-exception": "self.version"
            },
            "type": "library",
            "autoload": {
                "psr-0": {
                    "Zend_Xml": "library/"
                }
            },
            "notification-url": "https://packagist.org/downloads/",
            "license": [
                "BSD-3-Clause"
            ],
            "description": "Zend Framework 1 Xml package",
            "homepage": "http://framework.zend.com/",
            "keywords": [
                "ZF1",
                "framework",
                "xml",
                "zend"
            ],
            "time": "2014-05-21 15:52:59"
        }
    ],
    "packages-dev": [],
    "aliases": [],
    "minimum-stability": "dev",
    "stability-flags": [],
    "platform": [],
    "platform-dev": []
}
